
Microsoft Visual Studio Solution File, Format Version 12.00
# Visual Studio Version 17
VisualStudioVersion = 17.2.32630.192
MinimumVisualStudioVersion = 10.0.40219.1
Project("{2150E333-8FDC-42A3-9474-1A3956D46DE8}") = "src", "src", "{4FD6A475-8E27-4933-A76F-38CD0A10663F}"
EndProject
Project("{9A19103F-16F7-4668-BE54-9A1E7A4F7556}") = "VirtoCommerce.MinIoAssetsModule.Web", "src\VirtoCommerce.AzureBlobAssetsModule.Web\VirtoCommerce.MinIoAssetsModule.Web.csproj", "{D1428B3A-FFAD-4DC3-AF40-728155BCF262}"
EndProject
Project("{9A19103F-16F7-4668-BE54-9A1E7A4F7556}") = "VirtoCommerce.MinIoAssetsModule.Core", "src\VirtoCommerce.AzureBlobAssetsModule.Core\VirtoCommerce.MinIoAssetsModule.Core.csproj", "{25980281-AC7A-420A-B5E1-71942DA00A8F}"
EndProject
Project("{2150E333-8FDC-42A3-9474-1A3956D46DE8}") = "tests", "tests", "{652ACC5D-BCF1-491B-91B4-1D524C8D10BA}"
EndProject
Project("{9A19103F-16F7-4668-BE54-9A1E7A4F7556}") = "VirtoCommerce.AzureBlobAssetsModule.Tests", "tests\VirtoCommerce.Platform.Assets.AzureBlobStorage.Tests\VirtoCommerce.AzureBlobAssetsModule.Tests.csproj", "{547D30B8-16EC-449D-827D-9C354AECEA44}"
EndProject
Global
	GlobalSection(SolutionConfigurationPlatforms) = preSolution
		Debug|Any CPU = Debug|Any CPU
		Release|Any CPU = Release|Any CPU
	EndGlobalSection
	GlobalSection(ProjectConfigurationPlatforms) = postSolution
		{D1428B3A-FFAD-4DC3-AF40-728155BCF262}.Debug|Any CPU.ActiveCfg = Debug|Any CPU
		{D1428B3A-FFAD-4DC3-AF40-728155BCF262}.Debug|Any CPU.Build.0 = Debug|Any CPU
		{D1428B3A-FFAD-4DC3-AF40-728155BCF262}.Release|Any CPU.ActiveCfg = Release|Any CPU
		{D1428B3A-FFAD-4DC3-AF40-728155BCF262}.Release|Any CPU.Build.0 = Release|Any CPU
		{25980281-AC7A-420A-B5E1-71942DA00A8F}.Debug|Any CPU.ActiveCfg = Debug|Any CPU
		{25980281-AC7A-420A-B5E1-71942DA00A8F}.Debug|Any CPU.Build.0 = Debug|Any CPU
		{25980281-AC7A-420A-B5E1-71942DA00A8F}.Release|Any CPU.ActiveCfg = Release|Any CPU
		{25980281-AC7A-420A-B5E1-71942DA00A8F}.Release|Any CPU.Build.0 = Release|Any CPU
		{547D30B8-16EC-449D-827D-9C354AECEA44}.Debug|Any CPU.ActiveCfg = Debug|Any CPU
		{547D30B8-16EC-449D-827D-9C354AECEA44}.Debug|Any CPU.Build.0 = Debug|Any CPU
		{547D30B8-16EC-449D-827D-9C354AECEA44}.Release|Any CPU.ActiveCfg = Release|Any CPU
		{547D30B8-16EC-449D-827D-9C354AECEA44}.Release|Any CPU.Build.0 = Release|Any CPU
	EndGlobalSection
	GlobalSection(SolutionProperties) = preSolution
		HideSolutionNode = FALSE
	EndGlobalSection
	GlobalSection(NestedProjects) = preSolution
		{D1428B3A-FFAD-4DC3-AF40-728155BCF262} = {4FD6A475-8E27-4933-A76F-38CD0A10663F}
		{25980281-AC7A-420A-B5E1-71942DA00A8F} = {4FD6A475-8E27-4933-A76F-38CD0A10663F}
		{547D30B8-16EC-449D-827D-9C354AECEA44} = {652ACC5D-BCF1-491B-91B4-1D524C8D10BA}
	EndGlobalSection
	GlobalSection(ExtensibilityGlobals) = postSolution
		SolutionGuid = {205CBE7F-D38F-4A69-BE32-FD44540E558B}
	EndGlobalSection
EndGlobal
